
Microsoft Visual Studio Solution File, Format Version 12.00
# Visual Studio Version 17
VisualStudioVersion = 17.9.34622.214
MinimumVisualStudioVersion = 10.0.40219.1
Project("{9A19103F-16F7-4668-BE54-9A1E7A4F7556}") = "Meditrack", "Meditrack\Meditrack.csproj", "{7687F1AF-BE03-4310-9AC9-546615D11A47}"
EndProject
Project("{9A19103F-16F7-4668-BE54-9A1E7A4F7556}") = "MeditrackRazor_Temp", "MeditrackRazor_Temp\MeditrackRazor_Temp.csproj", "{10A24A26-EED7-44B0-9C9F-231E08888474}"
EndProject
Project("{FAE04EC0-301F-11D3-BF4B-00C04F79EFBC}") = "Meditrack.Utility", "Meditrack.Utility\Meditrack.Utility.csproj", "{E014E3C3-73E5-40C0-9DCD-CECA97B633ED}"
EndProject
Global
	GlobalSection(SolutionConfigurationPlatforms) = preSolution
		Debug|Any CPU = Debug|Any CPU
		Release|Any CPU = Release|Any CPU
	EndGlobalSection
	GlobalSection(ProjectConfigurationPlatforms) = postSolution
		{7687F1AF-BE03-4310-9AC9-546615D11A47}.Debug|Any CPU.ActiveCfg = Debug|Any CPU
		{7687F1AF-BE03-4310-9AC9-546615D11A47}.Debug|Any CPU.Build.0 = Debug|Any CPU
		{7687F1AF-BE03-4310-9AC9-546615D11A47}.Release|Any CPU.ActiveCfg = Release|Any CPU
		{7687F1AF-BE03-4310-9AC9-546615D11A47}.Release|Any CPU.Build.0 = Release|Any CPU
		{10A24A26-EED7-44B0-9C9F-231E08888474}.Debug|Any CPU.ActiveCfg = Debug|Any CPU
		{10A24A26-EED7-44B0-9C9F-231E08888474}.Debug|Any CPU.Build.0 = Debug|Any CPU
		{10A24A26-EED7-44B0-9C9F-231E08888474}.Release|Any CPU.ActiveCfg = Release|Any CPU
		{10A24A26-EED7-44B0-9C9F-231E08888474}.Release|Any CPU.Build.0 = Release|Any CPU
		{E014E3C3-73E5-40C0-9DCD-CECA97B633ED}.Debug|Any CPU.ActiveCfg = Debug|Any CPU
		{E014E3C3-73E5-40C0-9DCD-CECA97B633ED}.Debug|Any CPU.Build.0 = Debug|Any CPU
		{E014E3C3-73E5-40C0-9DCD-CECA97B633ED}.Release|Any CPU.ActiveCfg = Release|Any CPU
		{E014E3C3-73E5-40C0-9DCD-CECA97B633ED}.Release|Any CPU.Build.0 = Release|Any CPU
	EndGlobalSection
	GlobalSection(SolutionProperties) = preSolution
		HideSolutionNode = FALSE
	EndGlobalSection
	GlobalSection(ExtensibilityGlobals) = postSolution
		SolutionGuid = {F245D801-A030-48DD-942C-1EB39F85A848}
	EndGlobalSection
EndGlobal
